
Microsoft Visual Studio Solution File, Format Version 12.00
# Visual Studio Version 17
VisualStudioVersion = 17.9.34622.214
MinimumVisualStudioVersion = 10.0.40219.1
Project("{2150E333-8FDC-42A3-9474-1A3956D46DE8}") = "BuildingBlocks", "BuildingBlocks", "{00DCB7E6-A5C1-4964-9896-34344167AFB7}"
EndProject
Project("{2150E333-8FDC-42A3-9474-1A3956D46DE8}") = "Services", "Services", "{FE5E8CA0-E109-425D-A3D1-C07A0C92C2AF}"
EndProject
Project("{9A19103F-16F7-4668-BE54-9A1E7A4F7556}") = "BuildingBlocks", "BuildingBlocks\BuildingBlocks\BuildingBlocks.csproj", "{845A7408-33E3-4A44-80BB-E5C4F95DE297}"
EndProject
Project("{2150E333-8FDC-42A3-9474-1A3956D46DE8}") = "DDO_Service", "DDO_Service", "{A1D81B50-CA8C-462C-AB06-59134A452A2E}"
EndProject
Project("{9A19103F-16F7-4668-BE54-9A1E7A4F7556}") = "DDO_Service.API", "DDO_Service.API\DDO_Service.API.csproj", "{63BDD17B-B2BF-46E3-B1F0-613112AB5C9F}"
EndProject
Project("{9A19103F-16F7-4668-BE54-9A1E7A4F7556}") = "DDOBussinessRules", "DDOBussinessRules\DDOBussinessRules.csproj", "{CCC1E192-748D-4BCA-8ED7-8751E7CC3039}"
EndProject
Global
	GlobalSection(SolutionConfigurationPlatforms) = preSolution
		Debug|Any CPU = Debug|Any CPU
		Release|Any CPU = Release|Any CPU
	EndGlobalSection
	GlobalSection(ProjectConfigurationPlatforms) = postSolution
		{845A7408-33E3-4A44-80BB-E5C4F95DE297}.Debug|Any CPU.ActiveCfg = Debug|Any CPU
		{845A7408-33E3-4A44-80BB-E5C4F95DE297}.Debug|Any CPU.Build.0 = Debug|Any CPU
		{845A7408-33E3-4A44-80BB-E5C4F95DE297}.Release|Any CPU.ActiveCfg = Release|Any CPU
		{845A7408-33E3-4A44-80BB-E5C4F95DE297}.Release|Any CPU.Build.0 = Release|Any CPU
		{63BDD17B-B2BF-46E3-B1F0-613112AB5C9F}.Debug|Any CPU.ActiveCfg = Debug|Any CPU
		{63BDD17B-B2BF-46E3-B1F0-613112AB5C9F}.Debug|Any CPU.Build.0 = Debug|Any CPU
		{63BDD17B-B2BF-46E3-B1F0-613112AB5C9F}.Release|Any CPU.ActiveCfg = Release|Any CPU
		{63BDD17B-B2BF-46E3-B1F0-613112AB5C9F}.Release|Any CPU.Build.0 = Release|Any CPU
		{CCC1E192-748D-4BCA-8ED7-8751E7CC3039}.Debug|Any CPU.ActiveCfg = Debug|Any CPU
		{CCC1E192-748D-4BCA-8ED7-8751E7CC3039}.Debug|Any CPU.Build.0 = Debug|Any CPU
		{CCC1E192-748D-4BCA-8ED7-8751E7CC3039}.Release|Any CPU.ActiveCfg = Release|Any CPU
		{CCC1E192-748D-4BCA-8ED7-8751E7CC3039}.Release|Any CPU.Build.0 = Release|Any CPU
	EndGlobalSection
	GlobalSection(SolutionProperties) = preSolution
		HideSolutionNode = FALSE
	EndGlobalSection
	GlobalSection(NestedProjects) = preSolution
		{845A7408-33E3-4A44-80BB-E5C4F95DE297} = {00DCB7E6-A5C1-4964-9896-34344167AFB7}
		{A1D81B50-CA8C-462C-AB06-59134A452A2E} = {FE5E8CA0-E109-425D-A3D1-C07A0C92C2AF}
		{63BDD17B-B2BF-46E3-B1F0-613112AB5C9F} = {A1D81B50-CA8C-462C-AB06-59134A452A2E}
		{CCC1E192-748D-4BCA-8ED7-8751E7CC3039} = {00DCB7E6-A5C1-4964-9896-34344167AFB7}
	EndGlobalSection
	GlobalSection(ExtensibilityGlobals) = postSolution
		SolutionGuid = {CC36F078-CE37-4B83-A86A-496289C8A791}
	EndGlobalSection
EndGlobal
